
Microsoft Visual Studio Solution File, Format Version 12.00
# Visual Studio Version 16
VisualStudioVersion = 16.0.31313.381
MinimumVisualStudioVersion = 10.0.40219.1
Project("{FAE04EC0-301F-11D3-BF4B-00C04F79EFBC}") = "ppInk", "src\ppInk.csproj", "{82AD51F9-56A9-4698-A993-CC9E62F56812}"
EndProject
Project("{2150E333-8FDC-42A3-9474-1A3956D46DE8}") = "Solution Items", "Solution Items", "{4F495ECC-0B2E-477C-89F3-8752EFAF6F16}"
	ProjectSection(SolutionItems) = preProject
		.editorconfig = .editorconfig
	EndProjectSection
EndProject
Global
	GlobalSection(SolutionConfigurationPlatforms) = preSolution
		Debug|x86 = Debug|x86
		Release|x86 = Release|x86
	EndGlobalSection
	GlobalSection(ProjectConfigurationPlatforms) = postSolution
		{82AD51F9-56A9-4698-A993-CC9E62F56812}.Debug|x86.ActiveCfg = Debug|x86
		{82AD51F9-56A9-4698-A993-CC9E62F56812}.Debug|x86.Build.0 = Debug|x86
		{82AD51F9-56A9-4698-A993-CC9E62F56812}.Release|x86.ActiveCfg = Release|x86
		{82AD51F9-56A9-4698-A993-CC9E62F56812}.Release|x86.Build.0 = Release|x86
	EndGlobalSection
	GlobalSection(SolutionProperties) = preSolution
		HideSolutionNode = FALSE
	EndGlobalSection
	GlobalSection(ExtensibilityGlobals) = postSolution
		SolutionGuid = {409B5A25-5373-4385-9880-1BE95BD56F4F}
	EndGlobalSection
EndGlobal
